
Microsoft Visual Studio Solution File, Format Version 12.00
# Visual Studio 14
VisualStudioVersion = 14.0.25420.1
MinimumVisualStudioVersion = 10.0.40219.1
Project("{FAE04EC0-301F-11D3-BF4B-00C04F79EFBC}") = "WalkHeap", "WalkRcw\WalkHeap.csproj", "{677C0FFB-E44C-4AC5-AB36-4123FF007122}"
EndProject
Project("{FAE04EC0-301F-11D3-BF4B-00C04F79EFBC}") = "EnumRcw", "EnumRcw\EnumRcw.csproj", "{56F98D6D-ED80-4400-A16A-B68931904532}"
EndProject
Global
	GlobalSection(SolutionConfigurationPlatforms) = preSolution
		Debug|Any CPU = Debug|Any CPU
		Debug|x64 = Debug|x64
		Debug|x86 = Debug|x86
		Release|Any CPU = Release|Any CPU
		Release|x64 = Release|x64
		Release|x86 = Release|x86
	EndGlobalSection
	GlobalSection(ProjectConfigurationPlatforms) = postSolution
		{677C0FFB-E44C-4AC5-AB36-4123FF007122}.Debug|Any CPU.ActiveCfg = Debug|Any CPU
		{677C0FFB-E44C-4AC5-AB36-4123FF007122}.Debug|Any CPU.Build.0 = Debug|Any CPU
		{677C0FFB-E44C-4AC5-AB36-4123FF007122}.Debug|x64.ActiveCfg = Debug|x64
		{677C0FFB-E44C-4AC5-AB36-4123FF007122}.Debug|x64.Build.0 = Debug|x64
		{677C0FFB-E44C-4AC5-AB36-4123FF007122}.Debug|x86.ActiveCfg = Debug|x86
		{677C0FFB-E44C-4AC5-AB36-4123FF007122}.Debug|x86.Build.0 = Debug|x86
		{677C0FFB-E44C-4AC5-AB36-4123FF007122}.Release|Any CPU.ActiveCfg = Release|Any CPU
		{677C0FFB-E44C-4AC5-AB36-4123FF007122}.Release|Any CPU.Build.0 = Release|Any CPU
		{677C0FFB-E44C-4AC5-AB36-4123FF007122}.Release|x64.ActiveCfg = Release|x64
		{677C0FFB-E44C-4AC5-AB36-4123FF007122}.Release|x64.Build.0 = Release|x64
		{677C0FFB-E44C-4AC5-AB36-4123FF007122}.Release|x86.ActiveCfg = Release|x86
		{677C0FFB-E44C-4AC5-AB36-4123FF007122}.Release|x86.Build.0 = Release|x86
		{56F98D6D-ED80-4400-A16A-B68931904532}.Debug|Any CPU.ActiveCfg = Debug|Any CPU
		{56F98D6D-ED80-4400-A16A-B68931904532}.Debug|Any CPU.Build.0 = Debug|Any CPU
		{56F98D6D-ED80-4400-A16A-B68931904532}.Debug|x64.ActiveCfg = Debug|x64
		{56F98D6D-ED80-4400-A16A-B68931904532}.Debug|x64.Build.0 = Debug|x64
		{56F98D6D-ED80-4400-A16A-B68931904532}.Debug|x86.ActiveCfg = Debug|x86
		{56F98D6D-ED80-4400-A16A-B68931904532}.Debug|x86.Build.0 = Debug|x86
		{56F98D6D-ED80-4400-A16A-B68931904532}.Release|Any CPU.ActiveCfg = Release|Any CPU
		{56F98D6D-ED80-4400-A16A-B68931904532}.Release|Any CPU.Build.0 = Release|Any CPU
		{56F98D6D-ED80-4400-A16A-B68931904532}.Release|x64.ActiveCfg = Release|x64
		{56F98D6D-ED80-4400-A16A-B68931904532}.Release|x64.Build.0 = Release|x64
		{56F98D6D-ED80-4400-A16A-B68931904532}.Release|x86.ActiveCfg = Release|x86
		{56F98D6D-ED80-4400-A16A-B68931904532}.Release|x86.Build.0 = Release|x86
	EndGlobalSection
	GlobalSection(SolutionProperties) = preSolution
		HideSolutionNode = FALSE
	EndGlobalSection
EndGlobal
